{
  "requires": true,
  "lockfileVersion": 1,
  "dependencies": {
    "lock-system": {
      "version": "1.3.0",
      "resolved": "https://registry.npmjs.org/lock-system/-/lock-system-1.3.0.tgz",
      "integrity": "sha512-gSMfmR+PygNDe5FFN9FNguRT1oyqE05XVCL0Pn62tNqe8X2CfDDBNkEF67lqOlWQ3C2u6hJ4YxAq8cyJ0EO9KQ=="
    }
  }
}
